// !$*UTF8*$!
{
	archiveVersion = 1;
	classes = {
	};
	objectVersion = 77;
	objects = {

/* Begin PBXBuildFile section */
		176AC9AC2E48FB1C00A4F009 /* voicevox_core.xcframework in Frameworks */ = {isa = PBXBuildFile; fileRef = 176AC9AB2E48FB1C00A4F009 /* voicevox_core.xcframework */; };
		176AC9AD2E48FB1C00A4F009 /* voicevox_core.xcframework in Embed Frameworks */ = {isa = PBXBuildFile; fileRef = 176AC9AB2E48FB1C00A4F009 /* voicevox_core.xcframework */; settings = {ATTRIBUTES = (CodeSignOnCopy, RemoveHeadersOnCopy, ); }; };
		176AC9B02E48FB4100A4F009 /* voicevox_onnxruntime.xcframework in Frameworks */ = {isa = PBXBuildFile; fileRef = 176AC9AF2E48FB4100A4F009 /* voicevox_onnxruntime.xcframework */; };
		176AC9B12E48FB4100A4F009 /* voicevox_onnxruntime.xcframework in Embed Frameworks */ = {isa = PBXBuildFile; fileRef = 176AC9AF2E48FB4100A4F009 /* voicevox_onnxruntime.xcframework */; settings = {ATTRIBUTES = (CodeSignOnCopy, RemoveHeadersOnCopy, ); }; };
/* End PBXBuildFile section */

/* Begin PBXContainerItemProxy section */
		1780EE6E2E313B1B00CF634A /* PBXContainerItemProxy */ = {
			isa = PBXContainerItemProxy;
			containerPortal = 1780EE582E313B1A00CF634A /* Project object */;
			proxyType = 1;
			remoteGlobalIDString = 1780EE5F2E313B1A00CF634A;
			remoteInfo = ZunTalk;
		};
		1780EE782E313B1B00CF634A /* PBXContainerItemProxy */ = {
			isa = PBXContainerItemProxy;
			containerPortal = 1780EE582E313B1A00CF634A /* Project object */;
			proxyType = 1;
			remoteGlobalIDString = 1780EE5F2E313B1A00CF634A;
			remoteInfo = ZunTalk;
		};
/* End PBXContainerItemProxy section */

/* Begin PBXCopyFilesBuildPhase section */
		176AC9AE2E48FB1C00A4F009 /* Embed Frameworks */ = {
			isa = PBXCopyFilesBuildPhase;
			buildActionMask = 2147483647;
			dstPath = "";
			dstSubfolderSpec = 10;
			files = (
				176AC9B12E48FB4100A4F009 /* voicevox_onnxruntime.xcframework in Embed Frameworks */,
				176AC9AD2E48FB1C00A4F009 /* voicevox_core.xcframework in Embed Frameworks */,
			);
			name = "Embed Frameworks";
			runOnlyForDeploymentPostprocessing = 0;
		};
/* End PBXCopyFilesBuildPhase section */

/* Begin PBXFileReference section */
		176AC9AB2E48FB1C00A4F009 /* voicevox_core.xcframework */ = {isa = PBXFileReference; lastKnownFileType = wrapper.xcframework; name = voicevox_core.xcframework; path = Voicevox/voicevox_core.xcframework; sourceTree = "<group>"; };
		176AC9AF2E48FB4100A4F009 /* voicevox_onnxruntime.xcframework */ = {isa = PBXFileReference; lastKnownFileType = wrapper.xcframework; name = voicevox_onnxruntime.xcframework; path = Voicevox/voicevox_onnxruntime.xcframework; sourceTree = "<group>"; };
		1780EE602E313B1A00CF634A /* ZunTalk.app */ = {isa = PBXFileReference; explicitFileType = wrapper.application; includeInIndex = 0; path = ZunTalk.app; sourceTree = BUILT_PRODUCTS_DIR; };
		1780EE6D2E313B1B00CF634A /* ZunTalkTests.xctest */ = {isa = PBXFileReference; explicitFileType = wrapper.cfbundle; includeInIndex = 0; path = ZunTalkTests.xctest; sourceTree = BUILT_PRODUCTS_DIR; };
		1780EE772E313B1B00CF634A /* ZunTalkUITests.xctest */ = {isa = PBXFileReference; explicitFileType = wrapper.cfbundle; includeInIndex = 0; path = ZunTalkUITests.xctest; sourceTree = BUILT_PRODUCTS_DIR; };
/* End PBXFileReference section */

/* Begin PBXFileSystemSynchronizedRootGroup section */
		1780EE622E313B1A00CF634A /* ZunTalk */ = {
			isa = PBXFileSystemSynchronizedRootGroup;
			path = ZunTalk;
			sourceTree = "<group>";
		};
		1780EE702E313B1B00CF634A /* ZunTalkTests */ = {
			isa = PBXFileSystemSynchronizedRootGroup;
			path = ZunTalkTests;
			sourceTree = "<group>";
		};
		1780EE7A2E313B1B00CF634A /* ZunTalkUITests */ = {
			isa = PBXFileSystemSynchronizedRootGroup;
			path = ZunTalkUITests;
			sourceTree = "<group>";
		};
/* End PBXFileSystemSynchronizedRootGroup section */

/* Begin PBXFrameworksBuildPhase section */
		1780EE5D2E313B1A00CF634A /* Frameworks */ = {
			isa = PBXFrameworksBuildPhase;
			buildActionMask = 2147483647;
			files = (
				176AC9B02E48FB4100A4F009 /* voicevox_onnxruntime.xcframework in Frameworks */,
				176AC9AC2E48FB1C00A4F009 /* voicevox_core.xcframework in Frameworks */,
			);
			runOnlyForDeploymentPostprocessing = 0;
		};
		1780EE6A2E313B1B00CF634A /* Frameworks */ = {
			isa = PBXFrameworksBuildPhase;
			buildActionMask = 2147483647;
			files = (
			);
			runOnlyForDeploymentPostprocessing = 0;
		};
		1780EE742E313B1B00CF634A /* Frameworks */ = {
			isa = PBXFrameworksBuildPhase;
			buildActionMask = 2147483647;
			files = (
			);
			runOnlyForDeploymentPostprocessing = 0;
		};
/* End PBXFrameworksBuildPhase section */

/* Begin PBXGroup section */
		176AC9AA2E48FB1C00A4F009 /* Frameworks */ = {
			isa = PBXGroup;
			children = (
				176AC9AF2E48FB4100A4F009 /* voicevox_onnxruntime.xcframework */,
				176AC9AB2E48FB1C00A4F009 /* voicevox_core.xcframework */,
			);
			name = Frameworks;
			sourceTree = "<group>";
		};
		1780EE572E313B1A00CF634A = {
			isa = PBXGroup;
			children = (
				1780EE622E313B1A00CF634A /* ZunTalk */,
				1780EE702E313B1B00CF634A /* ZunTalkTests */,
				1780EE7A2E313B1B00CF634A /* ZunTalkUITests */,
				176AC9AA2E48FB1C00A4F009 /* Frameworks */,
				1780EE612E313B1A00CF634A /* Products */,
			);
			sourceTree = "<group>";
		};
		1780EE612E313B1A00CF634A /* Products */ = {
			isa = PBXGroup;
			children = (
				1780EE602E313B1A00CF634A /* ZunTalk.app */,
				1780EE6D2E313B1B00CF634A /* ZunTalkTests.xctest */,
				1780EE772E313B1B00CF634A /* ZunTalkUITests.xctest */,
			);
			name = Products;
			sourceTree = "<group>";
		};
/* End PBXGroup section */

/* Begin PBXNativeTarget section */
		1780EE5F2E313B1A00CF634A /* ZunTalk */ = {
			isa = PBXNativeTarget;
			buildConfigurationList = 1780EE812E313B1B00CF634A /* Build configuration list for PBXNativeTarget "ZunTalk" */;
			buildPhases = (
				1780EE5C2E313B1A00CF634A /* Sources */,
				1780EE5D2E313B1A00CF634A /* Frameworks */,
				1780EE5E2E313B1A00CF634A /* Resources */,
				176AC9AE2E48FB1C00A4F009 /* Embed Frameworks */,
			);
			buildRules = (
			);
			dependencies = (
			);
			fileSystemSynchronizedGroups = (
				1780EE622E313B1A00CF634A /* ZunTalk */,
			);
			name = ZunTalk;
			packageProductDependencies = (
			);
			productName = ZunTalk;
			productReference = 1780EE602E313B1A00CF634A /* ZunTalk.app */;
			productType = "com.apple.product-type.application";
		};
		1780EE6C2E313B1B00CF634A /* ZunTalkTests */ = {
			isa = PBXNativeTarget;
			buildConfigurationList = 1780EE842E313B1B00CF634A /* Build configuration list for PBXNativeTarget "ZunTalkTests" */;
			buildPhases = (
				1780EE692E313B1B00CF634A /* Sources */,
				1780EE6A2E313B1B00CF634A /* Frameworks */,
				1780EE6B2E313B1B00CF634A /* Resources */,
			);
			buildRules = (
			);
			dependencies = (
				1780EE6F2E313B1B00CF634A /* PBXTargetDependency */,
			);
			fileSystemSynchronizedGroups = (
				1780EE702E313B1B00CF634A /* ZunTalkTests */,
			);
			name = ZunTalkTests;
			packageProductDependencies = (
			);
			productName = ZunTalkTests;
			productReference = 1780EE6D2E313B1B00CF634A /* ZunTalkTests.xctest */;
			productType = "com.apple.product-type.bundle.unit-test";
		};
		1780EE762E313B1B00CF634A /* ZunTalkUITests */ = {
			isa = PBXNativeTarget;
			buildConfigurationList = 1780EE872E313B1B00CF634A /* Build configuration list for PBXNativeTarget "ZunTalkUITests" */;
			buildPhases = (
				1780EE732E313B1B00CF634A /* Sources */,
				1780EE742E313B1B00CF634A /* Frameworks */,
				1780EE752E313B1B00CF634A /* Resources */,
			);
			buildRules = (
			);
			dependencies = (
				1780EE792E313B1B00CF634A /* PBXTargetDependency */,
			);
			fileSystemSynchronizedGroups = (
				1780EE7A2E313B1B00CF634A /* ZunTalkUITests */,
			);
			name = ZunTalkUITests;
			packageProductDependencies = (
			);
			productName = ZunTalkUITests;
			productReference = 1780EE772E313B1B00CF634A /* ZunTalkUITests.xctest */;
			productType = "com.apple.product-type.bundle.ui-testing";
		};
/* End PBXNativeTarget section */

/* Begin PBXProject section */
		1780EE582E313B1A00CF634A /* Project object */ = {
			isa = PBXProject;
			attributes = {
				BuildIndependentTargetsInParallel = 1;
				LastSwiftUpdateCheck = 1640;
				LastUpgradeCheck = 1640;
				TargetAttributes = {
					1780EE5F2E313B1A00CF634A = {
						CreatedOnToolsVersion = 16.4;
					};
					1780EE6C2E313B1B00CF634A = {
						CreatedOnToolsVersion = 16.4;
						TestTargetID = 1780EE5F2E313B1A00CF634A;
					};
					1780EE762E313B1B00CF634A = {
						CreatedOnToolsVersion = 16.4;
						TestTargetID = 1780EE5F2E313B1A00CF634A;
					};
				};
			};
			buildConfigurationList = 1780EE5B2E313B1A00CF634A /* Build configuration list for PBXProject "ZunTalk" */;
			developmentRegion = en;
			hasScannedForEncodings = 0;
			knownRegions = (
				en,
				Base,
			);
			mainGroup = 1780EE572E313B1A00CF634A;
			minimizedProjectReferenceProxies = 1;
			preferredProjectObjectVersion = 77;
			productRefGroup = 1780EE612E313B1A00CF634A /* Products */;
			projectDirPath = "";
			projectRoot = "";
			targets = (
				1780EE5F2E313B1A00CF634A /* ZunTalk */,
				1780EE6C2E313B1B00CF634A /* ZunTalkTests */,
				1780EE762E313B1B00CF634A /* ZunTalkUITests */,
			);
		};
/* End PBXProject section */

/* Begin PBXResourcesBuildPhase section */
		1780EE5E2E313B1A00CF634A /* Resources */ = {
			isa = PBXResourcesBuildPhase;
			buildActionMask = 2147483647;
			files = (
			);
			runOnlyForDeploymentPostprocessing = 0;
		};
		1780EE6B2E313B1B00CF634A /* Resources */ = {
			isa = PBXResourcesBuildPhase;
			buildActionMask = 2147483647;
			files = (
			);
			runOnlyForDeploymentPostprocessing = 0;
		};
		1780EE752E313B1B00CF634A /* Resources */ = {
			isa = PBXResourcesBuildPhase;
			buildActionMask = 2147483647;
			files = (
			);
			runOnlyForDeploymentPostprocessing = 0;
		};
/* End PBXResourcesBuildPhase section */

/* Begin PBXSourcesBuildPhase section */
		1780EE5C2E313B1A00CF634A /* Sources */ = {
			isa = PBXSourcesBuildPhase;
			buildActionMask = 2147483647;
			files = (
			);
			runOnlyForDeploymentPostprocessing = 0;
		};
		1780EE692E313B1B00CF634A /* Sources */ = {
			isa = PBXSourcesBuildPhase;
			buildActionMask = 2147483647;
			files = (
			);
			runOnlyForDeploymentPostprocessing = 0;
		};
		1780EE732E313B1B00CF634A /* Sources */ = {
			isa = PBXSourcesBuildPhase;
			buildActionMask = 2147483647;
			files = (
			);
			runOnlyForDeploymentPostprocessing = 0;
		};
/* End PBXSourcesBuildPhase section */

/* Begin PBXTargetDependency section */
		1780EE6F2E313B1B00CF634A /* PBXTargetDependency */ = {
			isa = PBXTargetDependency;
			target = 1780EE5F2E313B1A00CF634A /* ZunTalk */;
			targetProxy = 1780EE6E2E313B1B00CF634A /* PBXContainerItemProxy */;
		};
		1780EE792E313B1B00CF634A /* PBXTargetDependency */ = {
			isa = PBXTargetDependency;
			target = 1780EE5F2E313B1A00CF634A /* ZunTalk */;
			targetProxy = 1780EE782E313B1B00CF634A /* PBXContainerItemProxy */;
		};
/* End PBXTargetDependency section */

/* Begin XCBuildConfiguration section */
		1780EE7F2E313B1B00CF634A /* Debug */ = {
			isa = XCBuildConfiguration;
			buildSettings = {
				ALWAYS_SEARCH_USER_PATHS = NO;
				ASSETCATALOG_COMPILER_GENERATE_SWIFT_ASSET_SYMBOL_EXTENSIONS = YES;
				CLANG_ANALYZER_NONNULL = YES;
				CLANG_ANALYZER_NUMBER_OBJECT_CONVERSION = YES_AGGRESSIVE;
				CLANG_CXX_LANGUAGE_STANDARD = "gnu++20";
				CLANG_ENABLE_MODULES = YES;
				CLANG_ENABLE_OBJC_ARC = YES;
				CLANG_ENABLE_OBJC_WEAK = YES;
				CLANG_WARN_BLOCK_CAPTURE_AUTORELEASING = YES;
				CLANG_WARN_BOOL_CONVERSION = YES;
				CLANG_WARN_COMMA = YES;
				CLANG_WARN_CONSTANT_CONVERSION = YES;
				CLANG_WARN_DEPRECATED_OBJC_IMPLEMENTATIONS = YES;
				CLANG_WARN_DIRECT_OBJC_ISA_USAGE = YES_ERROR;
				CLANG_WARN_DOCUMENTATION_COMMENTS = YES;
				CLANG_WARN_EMPTY_BODY = YES;
				CLANG_WARN_ENUM_CONVERSION = YES;
				CLANG_WARN_INFINITE_RECURSION = YES;
				CLANG_WARN_INT_CONVERSION = YES;
				CLANG_WARN_NON_LITERAL_NULL_CONVERSION = YES;
				CLANG_WARN_OBJC_IMPLICIT_RETAIN_SELF = YES;
				CLANG_WARN_OBJC_LITERAL_CONVERSION = YES;
				CLANG_WARN_OBJC_ROOT_CLASS = YES_ERROR;
				CLANG_WARN_QUOTED_INCLUDE_IN_FRAMEWORK_HEADER = YES;
				CLANG_WARN_RANGE_LOOP_ANALYSIS = YES;
				CLANG_WARN_STRICT_PROTOTYPES = YES;
				CLANG_WARN_SUSPICIOUS_MOVE = YES;
				CLANG_WARN_UNGUARDED_AVAILABILITY = YES_AGGRESSIVE;
				CLANG_WARN_UNREACHABLE_CODE = YES;
				CLANG_WARN__DUPLICATE_METHOD_MATCH = YES;
				COPY_PHASE_STRIP = NO;
				DEBUG_INFORMATION_FORMAT = dwarf;
				DEVELOPMENT_TEAM = 5RH346BQ66;
				ENABLE_STRICT_OBJC_MSGSEND = YES;
				ENABLE_TESTABILITY = YES;
				ENABLE_USER_SCRIPT_SANDBOXING = YES;
				GCC_C_LANGUAGE_STANDARD = gnu17;
				GCC_DYNAMIC_NO_PIC = NO;
				GCC_NO_COMMON_BLOCKS = YES;
				GCC_OPTIMIZATION_LEVEL = 0;
				GCC_PREPROCESSOR_DEFINITIONS = (
					"DEBUG=1",
					"$(inherited)",
				);
				GCC_WARN_64_TO_32_BIT_CONVERSION = YES;
				GCC_WARN_ABOUT_RETURN_TYPE = YES_ERROR;
				GCC_WARN_UNDECLARED_SELECTOR = YES;
				GCC_WARN_UNINITIALIZED_AUTOS = YES_AGGRESSIVE;
				GCC_WARN_UNUSED_FUNCTION = YES;
				GCC_WARN_UNUSED_VARIABLE = YES;
				IPHONEOS_DEPLOYMENT_TARGET = 18.5;
				LOCALIZATION_PREFERS_STRING_CATALOGS = YES;
				MTL_ENABLE_DEBUG_INFO = INCLUDE_SOURCE;
				MTL_FAST_MATH = YES;
				ONLY_ACTIVE_ARCH = YES;
				SDKROOT = iphoneos;
				SWIFT_ACTIVE_COMPILATION_CONDITIONS = "DEBUG $(inherited)";
				SWIFT_OPTIMIZATION_LEVEL = "-Onone";
			};
			name = Debug;
		};
		1780EE802E313B1B00CF634A /* Release */ = {
			isa = XCBuildConfiguration;
			buildSettings = {
				ALWAYS_SEARCH_USER_PATHS = NO;
				ASSETCATALOG_COMPILER_GENERATE_SWIFT_ASSET_SYMBOL_EXTENSIONS = YES;
				CLANG_ANALYZER_NONNULL = YES;
				CLANG_ANALYZER_NUMBER_OBJECT_CONVERSION = YES_AGGRESSIVE;
				CLANG_CXX_LANGUAGE_STANDARD = "gnu++20";
				CLANG_ENABLE_MODULES = YES;
				CLANG_ENABLE_OBJC_ARC = YES;
				CLANG_ENABLE_OBJC_WEAK = YES;
				CLANG_WARN_BLOCK_CAPTURE_AUTORELEASING = YES;
				CLANG_WARN_BOOL_CONVERSION = YES;
				CLANG_WARN_COMMA = YES;
				CLANG_WARN_CONSTANT_CONVERSION = YES;
				CLANG_WARN_DEPRECATED_OBJC_IMPLEMENTATIONS = YES;
				CLANG_WARN_DIRECT_OBJC_ISA_USAGE = YES_ERROR;
				CLANG_WARN_DOCUMENTATION_COMMENTS = YES;
				CLANG_WARN_EMPTY_BODY = YES;
				CLANG_WARN_ENUM_CONVERSION = YES;
				CLANG_WARN_INFINITE_RECURSION = YES;
				CLANG_WARN_INT_CONVERSION = YES;
				CLANG_WARN_NON_LITERAL_NULL_CONVERSION = YES;
				CLANG_WARN_OBJC_IMPLICIT_RETAIN_SELF = YES;
				CLANG_WARN_OBJC_LITERAL_CONVERSION = YES;
				CLANG_WARN_OBJC_ROOT_CLASS = YES_ERROR;
				CLANG_WARN_QUOTED_INCLUDE_IN_FRAMEWORK_HEADER = YES;
				CLANG_WARN_RANGE_LOOP_ANALYSIS = YES;
				CLANG_WARN_STRICT_PROTOTYPES = YES;
				CLANG_WARN_SUSPICIOUS_MOVE = YES;
				CLANG_WARN_UNGUARDED_AVAILABILITY = YES_AGGRESSIVE;
				CLANG_WARN_UNREACHABLE_CODE = YES;
				CLANG_WARN__DUPLICATE_METHOD_MATCH = YES;
				COPY_PHASE_STRIP = NO;
				DEBUG_INFORMATION_FORMAT = "dwarf-with-dsym";
				DEVELOPMENT_TEAM = 5RH346BQ66;
				ENABLE_NS_ASSERTIONS = NO;
				ENABLE_STRICT_OBJC_MSGSEND = YES;
				ENABLE_USER_SCRIPT_SANDBOXING = YES;
				GCC_C_LANGUAGE_STANDARD = gnu17;
				GCC_NO_COMMON_BLOCKS = YES;
				GCC_WARN_64_TO_32_BIT_CONVERSION = YES;
				GCC_WARN_ABOUT_RETURN_TYPE = YES_ERROR;
				GCC_WARN_UNDECLARED_SELECTOR = YES;
				GCC_WARN_UNINITIALIZED_AUTOS = YES_AGGRESSIVE;
				GCC_WARN_UNUSED_FUNCTION = YES;
				GCC_WARN_UNUSED_VARIABLE = YES;
				IPHONEOS_DEPLOYMENT_TARGET = 18.5;
				LOCALIZATION_PREFERS_STRING_CATALOGS = YES;
				MTL_ENABLE_DEBUG_INFO = NO;
				MTL_FAST_MATH = YES;
				SDKROOT = iphoneos;
				SWIFT_COMPILATION_MODE = wholemodule;
				VALIDATE_PRODUCT = YES;
			};
			name = Release;
		};
		1780EE822E313B1B00CF634A /* Debug */ = {
			isa = XCBuildConfiguration;
			buildSettings = {
				ASSETCATALOG_COMPILER_APPICON_NAME = AppIcon;
				ASSETCATALOG_COMPILER_GLOBAL_ACCENT_COLOR_NAME = AccentColor;
				CODE_SIGN_STYLE = Automatic;
				CURRENT_PROJECT_VERSION = 1;
				DEVELOPMENT_TEAM = 5RH346BQ66;
				ENABLE_PREVIEWS = YES;
				GENERATE_INFOPLIST_FILE = YES;
				INFOPLIST_KEY_NSMicrophoneUsageDescription = "マイクを利用します";
				INFOPLIST_KEY_NSSpeechRecognitionUsageDescription = "音声認識を利用します";
				INFOPLIST_KEY_UIApplicationSceneManifest_Generation = YES;
				INFOPLIST_KEY_UIApplicationSupportsIndirectInputEvents = YES;
				INFOPLIST_KEY_UILaunchScreen_Generation = YES;
				INFOPLIST_KEY_UISupportedInterfaceOrientations_iPad = "UIInterfaceOrientationPortrait UIInterfaceOrientationPortraitUpsideDown UIInterfaceOrientationLandscapeLeft UIInterfaceOrientationLandscapeRight";
				INFOPLIST_KEY_UISupportedInterfaceOrientations_iPhone = "UIInterfaceOrientationPortrait UIInterfaceOrientationLandscapeLeft UIInterfaceOrientationLandscapeRight";
				LD_RUNPATH_SEARCH_PATHS = (
					"$(inherited)",
					"@executable_path/Frameworks",
				);
				MARKETING_VERSION = 1.0;
				PRODUCT_BUNDLE_IDENTIFIER = com.swiswiswift.ZunTalk;
				PRODUCT_NAME = "$(TARGET_NAME)";
				SWIFT_EMIT_LOC_STRINGS = YES;
				SWIFT_VERSION = 5.0;
				TARGETED_DEVICE_FAMILY = "1,2";
			};
			name = Debug;
		};
		1780EE832E313B1B00CF634A /* Release */ = {
			isa = XCBuildConfiguration;
			buildSettings = {
				ASSETCATALOG_COMPILER_APPICON_NAME = AppIcon;
				ASSETCATALOG_COMPILER_GLOBAL_ACCENT_COLOR_NAME = AccentColor;
				CODE_SIGN_STYLE = Automatic;
				CURRENT_PROJECT_VERSION = 1;
				DEVELOPMENT_TEAM = 5RH346BQ66;
				ENABLE_PREVIEWS = YES;
				GENERATE_INFOPLIST_FILE = YES;
				INFOPLIST_KEY_NSMicrophoneUsageDescription = "マイクを利用します";
				INFOPLIST_KEY_NSSpeechRecognitionUsageDescription = "音声認識を利用します";
				INFOPLIST_KEY_UIApplicationSceneManifest_Generation = YES;
				INFOPLIST_KEY_UIApplicationSupportsIndirectInputEvents = YES;
				INFOPLIST_KEY_UILaunchScreen_Generation = YES;
				INFOPLIST_KEY_UISupportedInterfaceOrientations_iPad = "UIInterfaceOrientationPortrait UIInterfaceOrientationPortraitUpsideDown UIInterfaceOrientationLandscapeLeft UIInterfaceOrientationLandscapeRight";
				INFOPLIST_KEY_UISupportedInterfaceOrientations_iPhone = "UIInterfaceOrientationPortrait UIInterfaceOrientationLandscapeLeft UIInterfaceOrientationLandscapeRight";
				LD_RUNPATH_SEARCH_PATHS = (
					"$(inherited)",
					"@executable_path/Frameworks",
				);
				MARKETING_VERSION = 1.0;
				PRODUCT_BUNDLE_IDENTIFIER = com.swiswiswift.ZunTalk;
				PRODUCT_NAME = "$(TARGET_NAME)";
				SWIFT_EMIT_LOC_STRINGS = YES;
				SWIFT_VERSION = 5.0;
				TARGETED_DEVICE_FAMILY = "1,2";
			};
			name = Release;
		};
		1780EE852E313B1B00CF634A /* Debug */ = {
			isa = XCBuildConfiguration;
			buildSettings = {
				BUNDLE_LOADER = "$(TEST_HOST)";
				CODE_SIGN_STYLE = Automatic;
				CURRENT_PROJECT_VERSION = 1;
				DEVELOPMENT_TEAM = 5RH346BQ66;
				GENERATE_INFOPLIST_FILE = YES;
				IPHONEOS_DEPLOYMENT_TARGET = 18.5;
				MARKETING_VERSION = 1.0;
				PRODUCT_BUNDLE_IDENTIFIER = com.swiswiswift.ZunTalkTests;
				PRODUCT_NAME = "$(TARGET_NAME)";
				SWIFT_EMIT_LOC_STRINGS = NO;
				SWIFT_VERSION = 5.0;
				TARGETED_DEVICE_FAMILY = "1,2";
				TEST_HOST = "$(BUILT_PRODUCTS_DIR)/ZunTalk.app/$(BUNDLE_EXECUTABLE_FOLDER_PATH)/ZunTalk";
			};
			name = Debug;
		};
		1780EE862E313B1B00CF634A /* Release */ = {
			isa = XCBuildConfiguration;
			buildSettings = {
				BUNDLE_LOADER = "$(TEST_HOST)";
				CODE_SIGN_STYLE = Automatic;
				CURRENT_PROJECT_VERSION = 1;
				DEVELOPMENT_TEAM = 5RH346BQ66;
				GENERATE_INFOPLIST_FILE = YES;
				IPHONEOS_DEPLOYMENT_TARGET = 18.5;
				MARKETING_VERSION = 1.0;
				PRODUCT_BUNDLE_IDENTIFIER = com.swiswiswift.ZunTalkTests;
				PRODUCT_NAME = "$(TARGET_NAME)";
				SWIFT_EMIT_LOC_STRINGS = NO;
				SWIFT_VERSION = 5.0;
				TARGETED_DEVICE_FAMILY = "1,2";
				TEST_HOST = "$(BUILT_PRODUCTS_DIR)/ZunTalk.app/$(BUNDLE_EXECUTABLE_FOLDER_PATH)/ZunTalk";
			};
			name = Release;
		};
		1780EE882E313B1B00CF634A /* Debug */ = {
			isa = XCBuildConfiguration;
			buildSettings = {
				CODE_SIGN_STYLE = Automatic;
				CURRENT_PROJECT_VERSION = 1;
				DEVELOPMENT_TEAM = 5RH346BQ66;
				GENERATE_INFOPLIST_FILE = YES;
				MARKETING_VERSION = 1.0;
				PRODUCT_BUNDLE_IDENTIFIER = com.swiswiswift.ZunTalkUITests;
				PRODUCT_NAME = "$(TARGET_NAME)";
				SWIFT_EMIT_LOC_STRINGS = NO;
				SWIFT_VERSION = 5.0;
				TARGETED_DEVICE_FAMILY = "1,2";
				TEST_TARGET_NAME = ZunTalk;
			};
			name = Debug;
		};
		1780EE892E313B1B00CF634A /* Release */ = {
			isa = XCBuildConfiguration;
			buildSettings = {
				CODE_SIGN_STYLE = Automatic;
				CURRENT_PROJECT_VERSION = 1;
				DEVELOPMENT_TEAM = 5RH346BQ66;
				GENERATE_INFOPLIST_FILE = YES;
				MARKETING_VERSION = 1.0;
				PRODUCT_BUNDLE_IDENTIFIER = com.swiswiswift.ZunTalkUITests;
				PRODUCT_NAME = "$(TARGET_NAME)";
				SWIFT_EMIT_LOC_STRINGS = NO;
				SWIFT_VERSION = 5.0;
				TARGETED_DEVICE_FAMILY = "1,2";
				TEST_TARGET_NAME = ZunTalk;
			};
			name = Release;
		};
/* End XCBuildConfiguration section */

/* Begin XCConfigurationList section */
		1780EE5B2E313B1A00CF634A /* Build configuration list for PBXProject "ZunTalk" */ = {
			isa = XCConfigurationList;
			buildConfigurations = (
				1780EE7F2E313B1B00CF634A /* Debug */,
				1780EE802E313B1B00CF634A /* Release */,
			);
			defaultConfigurationIsVisible = 0;
			defaultConfigurationName = Release;
		};
		1780EE812E313B1B00CF634A /* Build configuration list for PBXNativeTarget "ZunTalk" */ = {
			isa = XCConfigurationList;
			buildConfigurations = (
				1780EE822E313B1B00CF634A /* Debug */,
				1780EE832E313B1B00CF634A /* Release */,
			);
			defaultConfigurationIsVisible = 0;
			defaultConfigurationName = Release;
		};
		1780EE842E313B1B00CF634A /* Build configuration list for PBXNativeTarget "ZunTalkTests" */ = {
			isa = XCConfigurationList;
			buildConfigurations = (
				1780EE852E313B1B00CF634A /* Debug */,
				1780EE862E313B1B00CF634A /* Release */,
			);
			defaultConfigurationIsVisible = 0;
			defaultConfigurationName = Release;
		};
		1780EE872E313B1B00CF634A /* Build configuration list for PBXNativeTarget "ZunTalkUITests" */ = {
			isa = XCConfigurationList;
			buildConfigurations = (
				1780EE882E313B1B00CF634A /* Debug */,
				1780EE892E313B1B00CF634A /* Release */,
			);
			defaultConfigurationIsVisible = 0;
			defaultConfigurationName = Release;
		};
/* End XCConfigurationList section */
	};
	rootObject = 1780EE582E313B1A00CF634A /* Project object */;
}
